
Microsoft Visual Studio Solution File, Format Version 12.00
# Visual Studio Version 17
VisualStudioVersion = 17.14.36623.8 d17.14
MinimumVisualStudioVersion = 10.0.40219.1
Project("{FAE04EC0-301F-11D3-BF4B-00C04F79EFBC}") = "home-health-be", "home-health-be\home-health-be.csproj", "{517E419A-0417-41D7-8DE8-979AE1A84B89}"
EndProject
Global
	GlobalSection(SolutionConfigurationPlatforms) = preSolution
		Debug|Any CPU = Debug|Any CPU
		Release|Any CPU = Release|Any CPU
	EndGlobalSection
	GlobalSection(ProjectConfigurationPlatforms) = postSolution
		{517E419A-0417-41D7-8DE8-979AE1A84B89}.Debug|Any CPU.ActiveCfg = Debug|Any CPU
		{517E419A-0417-41D7-8DE8-979AE1A84B89}.Debug|Any CPU.Build.0 = Debug|Any CPU
		{517E419A-0417-41D7-8DE8-979AE1A84B89}.Release|Any CPU.ActiveCfg = Release|Any CPU
		{517E419A-0417-41D7-8DE8-979AE1A84B89}.Release|Any CPU.Build.0 = Release|Any CPU
	EndGlobalSection
	GlobalSection(SolutionProperties) = preSolution
		HideSolutionNode = FALSE
	EndGlobalSection
	GlobalSection(ExtensibilityGlobals) = postSolution
		SolutionGuid = {7D57FDA8-3837-4BA2-9AF2-388B8A58F952}
	EndGlobalSection
EndGlobal
